{
  "name": "xvsm",
  "version": "0.1.0",
  "lockfileVersion": 1,
  "requires": true,
  "dependencies": {
    "abstract-level": {
      "version": "3.1.1",
      "resolved": "https://registry.npmjs.org/abstract-level/-/abstract-level-3.1.1.tgz",
      "integrity": "sha512-CW2gKbJFTuX1feMvOrvsVMmijAOgI9kg2Ie9Dq3gOcMt/dVVoVmqNlLcEUCT13NxHFMEajcUcVBIplbyDroDiw==",
      "requires": {
        "buffer": "^6.0.3",
        "is-buffer": "^2.0.5",
        "level-supports": "^6.2.0",
        "level-transcoder": "^1.0.1",
        "maybe-combine-errors": "^1.0.0",
        "module-error": "^1.0.1"
      }
    },
    "base64-js": {
      "version": "1.5.1",
      "resolved": "https://registry.npmjs.org/base64-js/-/base64-js-1.5.1.tgz",
      "integrity": "sha512-AKpaYlHn8t4SVbOHCy+b5+KKgvR4vrsD8vbvrbiQJps7fKDTkjkDry6ji0rUJjC0kzbNePLwzxq8iypo41qeWA=="
    },
    "browser-level": {
      "version": "3.0.0",
      "resolved": "https://registry.npmjs.org/browser-level/-/browser-level-3.0.0.tgz",
      "integrity": "sha512-kGXtLh29jMwqKaskz5xeDLtCtN1KBz/DbQSqmvH7QdJiyGRC7RAM8PPg6gvUiNMa+wVnaxS9eSmEtP/f5ajOVw==",
      "requires": {
        "abstract-level": "^3.1.0"
      }
    },
    "buffer": {
      "version": "6.0.3",
      "resolved": "https://registry.npmjs.org/buffer/-/buffer-6.0.3.tgz",
      "integrity": "sha512-FTiCpNxtwiZZHEZbcbTIcZjERVICn9yq/pDFkTl95/AxzD1naBctN7YO68riM/gLSDY7sdrMby8hofADYuuqOA==",
      "requires": {
        "base64-js": "^1.3.1",
        "ieee754": "^1.2.1"
      }
    },
    "classic-level": {
      "version": "3.0.0",
      "resolved": "https://registry.npmjs.org/classic-level/-/classic-level-3.0.0.tgz",
      "integrity": "sha512-yGy8j8LjPbN0Bh3+ygmyYvrmskVita92pD/zCoalfcC9XxZj6iDtZTAnz+ot7GG8p9KLTG+MZ84tSA4AhkgVZQ==",
      "requires": {
        "abstract-level": "^3.1.0",
        "module-error": "^1.0.1",
        "napi-macros": "^2.2.2",
        "node-gyp-build": "^4.3.0"
      }
    },
    "ieee754": {
      "version": "1.2.1",
      "resolved": "https://registry.npmjs.org/ieee754/-/ieee754-1.2.1.tgz",
      "integrity": "sha512-dcyqhDvX1C46lXZcVqCpK+FtMRQVdIMN6/Df5js2zouUsqG7I6sFxitIC+7KYK29KdXOLHdu9zL4sFnoVQnqaA=="
    },
    "is-buffer": {
      "version": "2.0.5",
      "resolved": "https://registry.npmjs.org/is-buffer/-/is-buffer-2.0.5.tgz",
      "integrity": "sha512-i2R6zNFDwgEHJyQUtJEk0XFi1i0dPFn/oqjK3/vPCcDeJvW5NQ83V8QbicfF1SupOaB0h8ntgBC2YiE7dfyctQ=="
    },
    "level": {
      "version": "10.0.0",
      "resolved": "https://registry.npmjs.org/level/-/level-10.0.0.tgz",
      "integrity": "sha512-aZJvdfRr/f0VBbSRF5C81FHON47ZsC2TkGxbBezXpGGXAUEL/s6+GP73nnhAYRSCIqUNsmJjfeOF4lzRDKbUig==",
      "requires": {
        "abstract-level": "^3.1.0",
        "browser-level": "^3.0.0",
        "classic-level": "^3.0.0"
      }
    },
    "level-supports": {
      "version": "6.2.0",
      "resolved": "https://registry.npmjs.org/level-supports/-/level-supports-6.2.0.tgz",
      "integrity": "sha512-QNxVXP0IRnBmMsJIh+sb2kwNCYcKciQZJEt+L1hPCHrKNELllXhvrlClVHXBYZVT+a7aTSM6StgNXdAldoab3w=="
    },
    "level-transcoder": {
      "version": "1.0.1",
      "resolved": "https://registry.npmjs.org/level-transcoder/-/level-transcoder-1.0.1.tgz",
      "integrity": "sha512-t7bFwFtsQeD8cl8NIoQ2iwxA0CL/9IFw7/9gAjOonH0PWTTiRfY7Hq+Ejbsxh86tXobDQ6IOiddjNYIfOBs06w==",
      "requires": {
        "buffer": "^6.0.3",
        "module-error": "^1.0.1"
      }
    },
    "maybe-combine-errors": {
      "version": "1.0.0",
      "resolved": "https://registry.npmjs.org/maybe-combine-errors/-/maybe-combine-errors-1.0.0.tgz",
      "integrity": "sha512-eefp6IduNPT6fVdwPp+1NgD0PML1NU5P6j1Mj5nz1nidX8/sWY7119WL8vTAHgqfsY74TzW0w1XPgdYEKkGZ5A=="
    },
    "module-error": {
      "version": "1.0.2",
      "resolved": "https://registry.npmjs.org/module-error/-/module-error-1.0.2.tgz",
      "integrity": "sha512-0yuvsqSCv8LbaOKhnsQ/T5JhyFlCYLPXK3U2sgV10zoKQwzs/MyfuQUOZQ1V/6OCOJsK/TRgNVrPuPDqtdMFtA=="
    },
    "napi-macros": {
      "version": "2.2.2",
      "resolved": "https://registry.npmjs.org/napi-macros/-/napi-macros-2.2.2.tgz",
      "integrity": "sha512-hmEVtAGYzVQpCKdbQea4skABsdXW4RUh5t5mJ2zzqowJS2OyXZTU1KhDVFhx+NlWZ4ap9mqR9TcDO3LTTttd+g=="
    },
    "node-gyp-build": {
      "version": "4.8.4",
      "resolved": "https://registry.npmjs.org/node-gyp-build/-/node-gyp-build-4.8.4.tgz",
      "integrity": "sha512-LA4ZjwlnUblHVgq0oBF3Jl/6h/Nvs5fzBLwdEF4nuxnFdsfajde4WfxtJr3CaiH+F6ewcIB/q4jQ4UzPyid+CQ=="
    },
    "wasmtime": {
      "version": "0.0.2",
      "resolved": "https://registry.npmjs.org/wasmtime/-/wasmtime-0.0.2.tgz",
      "integrity": "sha512-M5lc3JhJA3GFw6B2GLk/dwDJl3+zifAiYTsSvLWqlDwPIqkkkOs4csG9+qusFMGPKoUsQTL4cHtLc8WMwRF4Gg==",
      "requires": {
        "wasmtime-darwin-x64": "0.0.2",
        "wasmtime-linux-arm64-gnu": "0.0.2",
        "wasmtime-linux-x64-gnu": "0.0.2",
        "wasmtime-win32-x64-msvc": "0.0.2"
      }
    },
    "wasmtime-darwin-x64": {
      "version": "0.0.2",
      "resolved": "https://registry.npmjs.org/wasmtime-darwin-x64/-/wasmtime-darwin-x64-0.0.2.tgz",
      "integrity": "sha512-cZNu1KeGd3D7tkjKU1ppcCA9sTyxn6vn/q41GGdgXG1yzhJGu94cytiEW6kgzaESzKN0Y7cXHIvXq3cJ88+BnQ==",
      "optional": true
    },
    "wasmtime-linux-arm64-gnu": {
      "version": "0.0.2",
      "resolved": "https://registry.npmjs.org/wasmtime-linux-arm64-gnu/-/wasmtime-linux-arm64-gnu-0.0.2.tgz",
      "integrity": "sha512-u7WQHhqtUGdTwIy/4S/+W+1P93eHa0yCWnuldmCZJQ1qyk0E7AxrHV9zXcK5KM5VxAexAHw5/QsYIx9YL4l5Qg==",
      "optional": true
    },
    "wasmtime-linux-x64-gnu": {
      "version": "0.0.2",
      "resolved": "https://registry.npmjs.org/wasmtime-linux-x64-gnu/-/wasmtime-linux-x64-gnu-0.0.2.tgz",
      "integrity": "sha512-IHkpISMHwsIQobkSpiW7A9+zsddIaE1IdfJDNvlhPRVUA2T7pqLOidYVNeQpmrmviv2VGR1F4EfS6zbE8ZxGHQ==",
      "optional": true
    },
    "wasmtime-win32-x64-msvc": {
      "version": "0.0.2",
      "resolved": "https://registry.npmjs.org/wasmtime-win32-x64-msvc/-/wasmtime-win32-x64-msvc-0.0.2.tgz",
      "integrity": "sha512-14ZE2pAKaqjGdQrlO+0cb7yQHHwnF/JpJT6oKF2BQiCBShXvrkvXqWz5DTlhMhnEfw+KCIm/OdR+mDjW0Lsosw==",
      "optional": true
    }
  }
}
